
Microsoft Visual Studio Solution File, Format Version 12.00
# Visual Studio Version 17
VisualStudioVersion = 17.11.35222.181
MinimumVisualStudioVersion = 10.0.40219.1
Project("{9A19103F-16F7-4668-BE54-9A1E7A4F7556}") = "FEH", "FEH.csproj", "{828E24A8-B36F-442B-B6DE-5B7489925D47}"
EndProject
Global
	GlobalSection(SolutionConfigurationPlatforms) = preSolution
		Debug|Any CPU = Debug|Any CPU
		Release|Any CPU = Release|Any CPU
	EndGlobalSection
	GlobalSection(ProjectConfigurationPlatforms) = postSolution
		{828E24A8-B36F-442B-B6DE-5B7489925D47}.Debug|Any CPU.ActiveCfg = Debug|Any CPU
		{828E24A8-B36F-442B-B6DE-5B7489925D47}.Debug|Any CPU.Build.0 = Debug|Any CPU
		{828E24A8-B36F-442B-B6DE-5B7489925D47}.Release|Any CPU.ActiveCfg = Release|Any CPU
		{828E24A8-B36F-442B-B6DE-5B7489925D47}.Release|Any CPU.Build.0 = Release|Any CPU
	EndGlobalSection
	GlobalSection(SolutionProperties) = preSolution
		HideSolutionNode = FALSE
	EndGlobalSection
	GlobalSection(ExtensibilityGlobals) = postSolution
		SolutionGuid = {2B5F0E27-6D16-46B1-98C8-693F1E4D5135}
	EndGlobalSection
EndGlobal
